
Microsoft Visual Studio Solution File, Format Version 12.00
# Visual Studio Version 17
VisualStudioVersion = 17.7.34202.233
MinimumVisualStudioVersion = 10.0.40219.1
Project("{FAE04EC0-301F-11D3-BF4B-00C04F79EFBC}") = "AZ-204-WebApp", "AZ-204-WebApp\AZ-204-WebApp.csproj", "{3CEB54FE-0E7D-4FCB-89A3-BF28B46FAFA1}"
EndProject
Global
	GlobalSection(SolutionConfigurationPlatforms) = preSolution
		Debug|Any CPU = Debug|Any CPU
		Release|Any CPU = Release|Any CPU
	EndGlobalSection
	GlobalSection(ProjectConfigurationPlatforms) = postSolution
		{3CEB54FE-0E7D-4FCB-89A3-BF28B46FAFA1}.Debug|Any CPU.ActiveCfg = Debug|Any CPU
		{3CEB54FE-0E7D-4FCB-89A3-BF28B46FAFA1}.Debug|Any CPU.Build.0 = Debug|Any CPU
		{3CEB54FE-0E7D-4FCB-89A3-BF28B46FAFA1}.Release|Any CPU.ActiveCfg = Release|Any CPU
		{3CEB54FE-0E7D-4FCB-89A3-BF28B46FAFA1}.Release|Any CPU.Build.0 = Release|Any CPU
	EndGlobalSection
	GlobalSection(SolutionProperties) = preSolution
		HideSolutionNode = FALSE
	EndGlobalSection
	GlobalSection(ExtensibilityGlobals) = postSolution
		SolutionGuid = {F4B45A64-219D-40ED-A744-520D881D8E90}
	EndGlobalSection
EndGlobal
